schema: '2.0'
stages:
  train:
    cmd: python3 pipeline/training.py
    deps:
    - path: datasets/training_dataset.tsv
      hash: md5
      md5: 262a54e658ab7192e7c22a9ef8eb7909
      size: 61332
    - path: pipeline/training.py
      hash: md5
      md5: 553720725f063aca4d189c378db6c4e8
      size: 765
    outs:
    - path: models/count_vectorizer.joblib
      hash: md5
      md5: 6ff98517814c7f022f831f526cd61121
      size: 4300
    - path: models/naive_bayes.joblib
      hash: md5
      md5: 5bc9751723941ee33e3e03d9a87017b8
      size: 5255
  evaluate:
    cmd: python3 pipeline/evaluation.py
    deps:
    - path: models/naive_bayes.joblib
      hash: md5
      md5: 5bc9751723941ee33e3e03d9a87017b8
      size: 5255
    - path: pipeline/evaluation.py
      hash: md5
      md5: c5daf14cbfa34d9e6dfc363ddfe0d485
      size: 829
    outs:
    - path: metrics/evaluation_metrics.json
      hash: md5
      md5: db06e7537dae3d85e8aef235e4891392
      size: 75
